// !$*UTF8*$!
{
	archiveVersion = 1;
	classes = {
	};
	objectVersion = 50;
	objects = {

/* Begin PBXBuildFile section */
		41064D4D233688ED00882496 /* AppDelegate.swift in Sources */ = {isa = PBXBuildFile; fileRef = 41064D4C233688ED00882496 /* AppDelegate.swift */; };
		41064D4F233688ED00882496 /* ProfileViewController.swift in Sources */ = {isa = PBXBuildFile; fileRef = 41064D4E233688ED00882496 /* ProfileViewController.swift */; };
		41064D51233688ED00882496 /* MoreViewController.swift in Sources */ = {isa = PBXBuildFile; fileRef = 41064D50233688ED00882496 /* MoreViewController.swift */; };
		41064D54233688ED00882496 /* Main.storyboard in Resources */ = {isa = PBXBuildFile; fileRef = 41064D52233688ED00882496 /* Main.storyboard */; };
		41064D56233688EE00882496 /* Assets.xcassets in Resources */ = {isa = PBXBuildFile; fileRef = 41064D55233688EE00882496 /* Assets.xcassets */; };
		41064D59233688EE00882496 /* LaunchScreen.storyboard in Resources */ = {isa = PBXBuildFile; fileRef = 41064D57233688EE00882496 /* LaunchScreen.storyboard */; };
		41064D64233688EE00882496 /* G2GTests.swift in Sources */ = {isa = PBXBuildFile; fileRef = 41064D63233688EE00882496 /* G2GTests.swift */; };
		41064D6F233688EE00882496 /* G2GUITests.swift in Sources */ = {isa = PBXBuildFile; fileRef = 41064D6E233688EE00882496 /* G2GUITests.swift */; };
		7C6BCC312336913A00E1C78B /* SearchViewController.swift in Sources */ = {isa = PBXBuildFile; fileRef = 7C6BCC302336913A00E1C78B /* SearchViewController.swift */; };
		7C6BCC332336961100E1C78B /* SavedViewController.swift in Sources */ = {isa = PBXBuildFile; fileRef = 7C6BCC322336961100E1C78B /* SavedViewController.swift */; };
/* End PBXBuildFile section */

/* Begin PBXContainerItemProxy section */
		41064D60233688EE00882496 /* PBXContainerItemProxy */ = {
			isa = PBXContainerItemProxy;
			containerPortal = 41064D41233688ED00882496 /* Project object */;
			proxyType = 1;
			remoteGlobalIDString = 41064D48233688ED00882496;
			remoteInfo = G2G;
		};
		41064D6B233688EE00882496 /* PBXContainerItemProxy */ = {
			isa = PBXContainerItemProxy;
			containerPortal = 41064D41233688ED00882496 /* Project object */;
			proxyType = 1;
			remoteGlobalIDString = 41064D48233688ED00882496;
			remoteInfo = G2G;
		};
/* End PBXContainerItemProxy section */

/* Begin PBXFileReference section */
		41064D49233688ED00882496 /* G2G.app */ = {isa = PBXFileReference; explicitFileType = wrapper.application; includeInIndex = 0; path = G2G.app; sourceTree = BUILT_PRODUCTS_DIR; };
		41064D4C233688ED00882496 /* AppDelegate.swift */ = {isa = PBXFileReference; lastKnownFileType = sourcecode.swift; path = AppDelegate.swift; sourceTree = "<group>"; };
		41064D4E233688ED00882496 /* ProfileViewController.swift */ = {isa = PBXFileReference; lastKnownFileType = sourcecode.swift; path = ProfileViewController.swift; sourceTree = "<group>"; };
		41064D50233688ED00882496 /* MoreViewController.swift */ = {isa = PBXFileReference; lastKnownFileType = sourcecode.swift; path = MoreViewController.swift; sourceTree = "<group>"; };
		41064D53233688ED00882496 /* Base */ = {isa = PBXFileReference; lastKnownFileType = file.storyboard; name = Base; path = Base.lproj/Main.storyboard; sourceTree = "<group>"; };
		41064D55233688EE00882496 /* Assets.xcassets */ = {isa = PBXFileReference; lastKnownFileType = folder.assetcatalog; path = Assets.xcassets; sourceTree = "<group>"; };
		41064D58233688EE00882496 /* Base */ = {isa = PBXFileReference; lastKnownFileType = file.storyboard; name = Base; path = Base.lproj/LaunchScreen.storyboard; sourceTree = "<group>"; };
		41064D5A233688EE00882496 /* Info.plist */ = {isa = PBXFileReference; lastKnownFileType = text.plist.xml; path = Info.plist; sourceTree = "<group>"; };
		41064D5F233688EE00882496 /* G2GTests.xctest */ = {isa = PBXFileReference; explicitFileType = wrapper.cfbundle; includeInIndex = 0; path = G2GTests.xctest; sourceTree = BUILT_PRODUCTS_DIR; };
		41064D63233688EE00882496 /* G2GTests.swift */ = {isa = PBXFileReference; lastKnownFileType = sourcecode.swift; path = G2GTests.swift; sourceTree = "<group>"; };
		41064D65233688EE00882496 /* Info.plist */ = {isa = PBXFileReference; lastKnownFileType = text.plist.xml; path = Info.plist; sourceTree = "<group>"; };
		41064D6A233688EE00882496 /* G2GUITests.xctest */ = {isa = PBXFileReference; explicitFileType = wrapper.cfbundle; includeInIndex = 0; path = G2GUITests.xctest; sourceTree = BUILT_PRODUCTS_DIR; };
		41064D6E233688EE00882496 /* G2GUITests.swift */ = {isa = PBXFileReference; lastKnownFileType = sourcecode.swift; path = G2GUITests.swift; sourceTree = "<group>"; };
		41064D70233688EE00882496 /* Info.plist */ = {isa = PBXFileReference; lastKnownFileType = text.plist.xml; path = Info.plist; sourceTree = "<group>"; };
		7C6BCC302336913A00E1C78B /* SearchViewController.swift */ = {isa = PBXFileReference; lastKnownFileType = sourcecode.swift; path = SearchViewController.swift; sourceTree = "<group>"; };
		7C6BCC322336961100E1C78B /* SavedViewController.swift */ = {isa = PBXFileReference; lastKnownFileType = sourcecode.swift; path = SavedViewController.swift; sourceTree = "<group>"; };
/* End PBXFileReference section */

/* Begin PBXFrameworksBuildPhase section */
		41064D46233688ED00882496 /* Frameworks */ = {
			isa = PBXFrameworksBuildPhase;
			buildActionMask = 2147483647;
			files = (
			);
			runOnlyForDeploymentPostprocessing = 0;
		};
		41064D5C233688EE00882496 /* Frameworks */ = {
			isa = PBXFrameworksBuildPhase;
			buildActionMask = 2147483647;
			files = (
			);
			runOnlyForDeploymentPostprocessing = 0;
		};
		41064D67233688EE00882496 /* Frameworks */ = {
			isa = PBXFrameworksBuildPhase;
			buildActionMask = 2147483647;
			files = (
			);
			runOnlyForDeploymentPostprocessing = 0;
		};
/* End PBXFrameworksBuildPhase section */

/* Begin PBXGroup section */
		41064D40233688ED00882496 = {
			isa = PBXGroup;
			children = (
				41064D4B233688ED00882496 /* G2G */,
				41064D62233688EE00882496 /* G2GTests */,
				41064D6D233688EE00882496 /* G2GUITests */,
				41064D4A233688ED00882496 /* Products */,
			);
			sourceTree = "<group>";
		};
		41064D4A233688ED00882496 /* Products */ = {
			isa = PBXGroup;
			children = (
				41064D49233688ED00882496 /* G2G.app */,
				41064D5F233688EE00882496 /* G2GTests.xctest */,
				41064D6A233688EE00882496 /* G2GUITests.xctest */,
			);
			name = Products;
			sourceTree = "<group>";
		};
		41064D4B233688ED00882496 /* G2G */ = {
			isa = PBXGroup;
			children = (
				41064D4C233688ED00882496 /* AppDelegate.swift */,
				41064D4E233688ED00882496 /* ProfileViewController.swift */,
				41064D50233688ED00882496 /* MoreViewController.swift */,
				41064D52233688ED00882496 /* Main.storyboard */,
				7C6BCC322336961100E1C78B /* SavedViewController.swift */,
				7C6BCC302336913A00E1C78B /* SearchViewController.swift */,
				41064D55233688EE00882496 /* Assets.xcassets */,
				41064D57233688EE00882496 /* LaunchScreen.storyboard */,
				41064D5A233688EE00882496 /* Info.plist */,
			);
			path = G2G;
			sourceTree = "<group>";
		};
		41064D62233688EE00882496 /* G2GTests */ = {
			isa = PBXGroup;
			children = (
				41064D63233688EE00882496 /* G2GTests.swift */,
				41064D65233688EE00882496 /* Info.plist */,
			);
			path = G2GTests;
			sourceTree = "<group>";
		};
		41064D6D233688EE00882496 /* G2GUITests */ = {
			isa = PBXGroup;
			children = (
				41064D6E233688EE00882496 /* G2GUITests.swift */,
				41064D70233688EE00882496 /* Info.plist */,
			);
			path = G2GUITests;
			sourceTree = "<group>";
		};
/* End PBXGroup section */

/* Begin PBXNativeTarget section */
		41064D48233688ED00882496 /* G2G */ = {
			isa = PBXNativeTarget;
			buildConfigurationList = 41064D73233688EE00882496 /* Build configuration list for PBXNativeTarget "G2G" */;
			buildPhases = (
				41064D45233688ED00882496 /* Sources */,
				41064D46233688ED00882496 /* Frameworks */,
				41064D47233688ED00882496 /* Resources */,
			);
			buildRules = (
			);
			dependencies = (
			);
			name = G2G;
			productName = G2G;
			productReference = 41064D49233688ED00882496 /* G2G.app */;
			productType = "com.apple.product-type.application";
		};
		41064D5E233688EE00882496 /* G2GTests */ = {
			isa = PBXNativeTarget;
			buildConfigurationList = 41064D76233688EE00882496 /* Build configuration list for PBXNativeTarget "G2GTests" */;
			buildPhases = (
				41064D5B233688EE00882496 /* Sources */,
				41064D5C233688EE00882496 /* Frameworks */,
				41064D5D233688EE00882496 /* Resources */,
			);
			buildRules = (
			);
			dependencies = (
				41064D61233688EE00882496 /* PBXTargetDependency */,
			);
			name = G2GTests;
			productName = G2GTests;
			productReference = 41064D5F233688EE00882496 /* G2GTests.xctest */;
			productType = "com.apple.product-type.bundle.unit-test";
		};
		41064D69233688EE00882496 /* G2GUITests */ = {
			isa = PBXNativeTarget;
			buildConfigurationList = 41064D79233688EE00882496 /* Build configuration list for PBXNativeTarget "G2GUITests" */;
			buildPhases = (
				41064D66233688EE00882496 /* Sources */,
				41064D67233688EE00882496 /* Frameworks */,
				41064D68233688EE00882496 /* Resources */,
			);
			buildRules = (
			);
			dependencies = (
				41064D6C233688EE00882496 /* PBXTargetDependency */,
			);
			name = G2GUITests;
			productName = G2GUITests;
			productReference = 41064D6A233688EE00882496 /* G2GUITests.xctest */;
			productType = "com.apple.product-type.bundle.ui-testing";
		};
/* End PBXNativeTarget section */

/* Begin PBXProject section */
		41064D41233688ED00882496 /* Project object */ = {
			isa = PBXProject;
			attributes = {
				LastSwiftUpdateCheck = 1030;
				LastUpgradeCheck = 1030;
				ORGANIZATIONNAME = "David Bae";
				TargetAttributes = {
					41064D48233688ED00882496 = {
						CreatedOnToolsVersion = 10.3;
					};
					41064D5E233688EE00882496 = {
						CreatedOnToolsVersion = 10.3;
						TestTargetID = 41064D48233688ED00882496;
					};
					41064D69233688EE00882496 = {
						CreatedOnToolsVersion = 10.3;
						TestTargetID = 41064D48233688ED00882496;
					};
				};
			};
			buildConfigurationList = 41064D44233688ED00882496 /* Build configuration list for PBXProject "G2G" */;
			compatibilityVersion = "Xcode 9.3";
			developmentRegion = en;
			hasScannedForEncodings = 0;
			knownRegions = (
				en,
				Base,
			);
			mainGroup = 41064D40233688ED00882496;
			productRefGroup = 41064D4A233688ED00882496 /* Products */;
			projectDirPath = "";
			projectRoot = "";
			targets = (
				41064D48233688ED00882496 /* G2G */,
				41064D5E233688EE00882496 /* G2GTests */,
				41064D69233688EE00882496 /* G2GUITests */,
			);
		};
/* End PBXProject section */

/* Begin PBXResourcesBuildPhase section */
		41064D47233688ED00882496 /* Resources */ = {
			isa = PBXResourcesBuildPhase;
			buildActionMask = 2147483647;
			files = (
				41064D59233688EE00882496 /* LaunchScreen.storyboard in Resources */,
				41064D56233688EE00882496 /* Assets.xcassets in Resources */,
				41064D54233688ED00882496 /* Main.storyboard in Resources */,
			);
			runOnlyForDeploymentPostprocessing = 0;
		};
		41064D5D233688EE00882496 /* Resources */ = {
			isa = PBXResourcesBuildPhase;
			buildActionMask = 2147483647;
			files = (
			);
			runOnlyForDeploymentPostprocessing = 0;
		};
		41064D68233688EE00882496 /* Resources */ = {
			isa = PBXResourcesBuildPhase;
			buildActionMask = 2147483647;
			files = (
			);
			runOnlyForDeploymentPostprocessing = 0;
		};
/* End PBXResourcesBuildPhase section */

/* Begin PBXSourcesBuildPhase section */
		41064D45233688ED00882496 /* Sources */ = {
			isa = PBXSourcesBuildPhase;
			buildActionMask = 2147483647;
			files = (
				41064D51233688ED00882496 /* MoreViewController.swift in Sources */,
				7C6BCC332336961100E1C78B /* SavedViewController.swift in Sources */,
				41064D4D233688ED00882496 /* AppDelegate.swift in Sources */,
				7C6BCC312336913A00E1C78B /* SearchViewController.swift in Sources */,
				41064D4F233688ED00882496 /* ProfileViewController.swift in Sources */,
			);
			runOnlyForDeploymentPostprocessing = 0;
		};
		41064D5B233688EE00882496 /* Sources */ = {
			isa = PBXSourcesBuildPhase;
			buildActionMask = 2147483647;
			files = (
				41064D64233688EE00882496 /* G2GTests.swift in Sources */,
			);
			runOnlyForDeploymentPostprocessing = 0;
		};
		41064D66233688EE00882496 /* Sources */ = {
			isa = PBXSourcesBuildPhase;
			buildActionMask = 2147483647;
			files = (
				41064D6F233688EE00882496 /* G2GUITests.swift in Sources */,
			);
			runOnlyForDeploymentPostprocessing = 0;
		};
/* End PBXSourcesBuildPhase section */

/* Begin PBXTargetDependency section */
		41064D61233688EE00882496 /* PBXTargetDependency */ = {
			isa = PBXTargetDependency;
			target = 41064D48233688ED00882496 /* G2G */;
			targetProxy = 41064D60233688EE00882496 /* PBXContainerItemProxy */;
		};
		41064D6C233688EE00882496 /* PBXTargetDependency */ = {
			isa = PBXTargetDependency;
			target = 41064D48233688ED00882496 /* G2G */;
			targetProxy = 41064D6B233688EE00882496 /* PBXContainerItemProxy */;
		};
/* End PBXTargetDependency section */

/* Begin PBXVariantGroup section */
		41064D52233688ED00882496 /* Main.storyboard */ = {
			isa = PBXVariantGroup;
			children = (
				41064D53233688ED00882496 /* Base */,
			);
			name = Main.storyboard;
			sourceTree = "<group>";
		};
		41064D57233688EE00882496 /* LaunchScreen.storyboard */ = {
			isa = PBXVariantGroup;
			children = (
				41064D58233688EE00882496 /* Base */,
			);
			name = LaunchScreen.storyboard;
			sourceTree = "<group>";
		};
/* End PBXVariantGroup section */

/* Begin XCBuildConfiguration section */
		41064D71233688EE00882496 /* Debug */ = {
			isa = XCBuildConfiguration;
			buildSettings = {
				ALWAYS_SEARCH_USER_PATHS = NO;
				CLANG_ANALYZER_NONNULL = YES;
				CLANG_ANALYZER_NUMBER_OBJECT_CONVERSION = YES_AGGRESSIVE;
				CLANG_CXX_LANGUAGE_STANDARD = "gnu++14";
				CLANG_CXX_LIBRARY = "libc++";
				CLANG_ENABLE_MODULES = YES;
				CLANG_ENABLE_OBJC_ARC = YES;
				CLANG_ENABLE_OBJC_WEAK = YES;
				CLANG_WARN_BLOCK_CAPTURE_AUTORELEASING = YES;
				CLANG_WARN_BOOL_CONVERSION = YES;
				CLANG_WARN_COMMA = YES;
				CLANG_WARN_CONSTANT_CONVERSION = YES;
				CLANG_WARN_DEPRECATED_OBJC_IMPLEMENTATIONS = YES;
				CLANG_WARN_DIRECT_OBJC_ISA_USAGE = YES_ERROR;
				CLANG_WARN_DOCUMENTATION_COMMENTS = YES;
				CLANG_WARN_EMPTY_BODY = YES;
				CLANG_WARN_ENUM_CONVERSION = YES;
				CLANG_WARN_INFINITE_RECURSION = YES;
				CLANG_WARN_INT_CONVERSION = YES;
				CLANG_WARN_NON_LITERAL_NULL_CONVERSION = YES;
				CLANG_WARN_OBJC_IMPLICIT_RETAIN_SELF = YES;
				CLANG_WARN_OBJC_LITERAL_CONVERSION = YES;
				CLANG_WARN_OBJC_ROOT_CLASS = YES_ERROR;
				CLANG_WARN_RANGE_LOOP_ANALYSIS = YES;
				CLANG_WARN_STRICT_PROTOTYPES = YES;
				CLANG_WARN_SUSPICIOUS_MOVE = YES;
				CLANG_WARN_UNGUARDED_AVAILABILITY = YES_AGGRESSIVE;
				CLANG_WARN_UNREACHABLE_CODE = YES;
				CLANG_WARN__DUPLICATE_METHOD_MATCH = YES;
				CODE_SIGN_IDENTITY = "iPhone Developer";
				COPY_PHASE_STRIP = NO;
				DEBUG_INFORMATION_FORMAT = dwarf;
				ENABLE_STRICT_OBJC_MSGSEND = YES;
				ENABLE_TESTABILITY = YES;
				GCC_C_LANGUAGE_STANDARD = gnu11;
				GCC_DYNAMIC_NO_PIC = NO;
				GCC_NO_COMMON_BLOCKS = YES;
				GCC_OPTIMIZATION_LEVEL = 0;
				GCC_PREPROCESSOR_DEFINITIONS = (
					"DEBUG=1",
					"$(inherited)",
				);
				GCC_WARN_64_TO_32_BIT_CONVERSION = YES;
				GCC_WARN_ABOUT_RETURN_TYPE = YES_ERROR;
				GCC_WARN_UNDECLARED_SELECTOR = YES;
				GCC_WARN_UNINITIALIZED_AUTOS = YES_AGGRESSIVE;
				GCC_WARN_UNUSED_FUNCTION = YES;
				GCC_WARN_UNUSED_VARIABLE = YES;
				IPHONEOS_DEPLOYMENT_TARGET = 12.4;
				MTL_ENABLE_DEBUG_INFO = INCLUDE_SOURCE;
				MTL_FAST_MATH = YES;
				ONLY_ACTIVE_ARCH = YES;
				SDKROOT = iphoneos;
				SWIFT_ACTIVE_COMPILATION_CONDITIONS = DEBUG;
				SWIFT_OPTIMIZATION_LEVEL = "-Onone";
			};
			name = Debug;
		};
		41064D72233688EE00882496 /* Release */ = {
			isa = XCBuildConfiguration;
			buildSettings = {
				ALWAYS_SEARCH_USER_PATHS = NO;
				CLANG_ANALYZER_NONNULL = YES;
				CLANG_ANALYZER_NUMBER_OBJECT_CONVERSION = YES_AGGRESSIVE;
				CLANG_CXX_LANGUAGE_STANDARD = "gnu++14";
				CLANG_CXX_LIBRARY = "libc++";
				CLANG_ENABLE_MODULES = YES;
				CLANG_ENABLE_OBJC_ARC = YES;
				CLANG_ENABLE_OBJC_WEAK = YES;
				CLANG_WARN_BLOCK_CAPTURE_AUTORELEASING = YES;
				CLANG_WARN_BOOL_CONVERSION = YES;
				CLANG_WARN_COMMA = YES;
				CLANG_WARN_CONSTANT_CONVERSION = YES;
				CLANG_WARN_DEPRECATED_OBJC_IMPLEMENTATIONS = YES;
				CLANG_WARN_DIRECT_OBJC_ISA_USAGE = YES_ERROR;
				CLANG_WARN_DOCUMENTATION_COMMENTS = YES;
				CLANG_WARN_EMPTY_BODY = YES;
				CLANG_WARN_ENUM_CONVERSION = YES;
				CLANG_WARN_INFINITE_RECURSION = YES;
				CLANG_WARN_INT_CONVERSION = YES;
				CLANG_WARN_NON_LITERAL_NULL_CONVERSION = YES;
				CLANG_WARN_OBJC_IMPLICIT_RETAIN_SELF = YES;
				CLANG_WARN_OBJC_LITERAL_CONVERSION = YES;
				CLANG_WARN_OBJC_ROOT_CLASS = YES_ERROR;
				CLANG_WARN_RANGE_LOOP_ANALYSIS = YES;
				CLANG_WARN_STRICT_PROTOTYPES = YES;
				CLANG_WARN_SUSPICIOUS_MOVE = YES;
				CLANG_WARN_UNGUARDED_AVAILABILITY = YES_AGGRESSIVE;
				CLANG_WARN_UNREACHABLE_CODE = YES;
				CLANG_WARN__DUPLICATE_METHOD_MATCH = YES;
				CODE_SIGN_IDENTITY = "iPhone Developer";
				COPY_PHASE_STRIP = NO;
				DEBUG_INFORMATION_FORMAT = "dwarf-with-dsym";
				ENABLE_NS_ASSERTIONS = NO;
				ENABLE_STRICT_OBJC_MSGSEND = YES;
				GCC_C_LANGUAGE_STANDARD = gnu11;
				GCC_NO_COMMON_BLOCKS = YES;
				GCC_WARN_64_TO_32_BIT_CONVERSION = YES;
				GCC_WARN_ABOUT_RETURN_TYPE = YES_ERROR;
				GCC_WARN_UNDECLARED_SELECTOR = YES;
				GCC_WARN_UNINITIALIZED_AUTOS = YES_AGGRESSIVE;
				GCC_WARN_UNUSED_FUNCTION = YES;
				GCC_WARN_UNUSED_VARIABLE = YES;
				IPHONEOS_DEPLOYMENT_TARGET = 12.4;
				MTL_ENABLE_DEBUG_INFO = NO;
				MTL_FAST_MATH = YES;
				SDKROOT = iphoneos;
				SWIFT_COMPILATION_MODE = wholemodule;
				SWIFT_OPTIMIZATION_LEVEL = "-O";
				VALIDATE_PRODUCT = YES;
			};
			name = Release;
		};
		41064D74233688EE00882496 /* Debug */ = {
			isa = XCBuildConfiguration;
			buildSettings = {
				ASSETCATALOG_COMPILER_APPICON_NAME = AppIcon;
				CODE_SIGN_STYLE = Automatic;
				DEVELOPMENT_TEAM = "";
				INFOPLIST_FILE = G2G/Info.plist;
				LD_RUNPATH_SEARCH_PATHS = (
					"$(inherited)",
					"@executable_path/Frameworks",
				);
				PRODUCT_BUNDLE_IDENTIFIER = com.david.G2G;
				PRODUCT_NAME = "$(TARGET_NAME)";
				SWIFT_VERSION = 5.0;
				TARGETED_DEVICE_FAMILY = "1,2";
			};
			name = Debug;
		};
		41064D75233688EE00882496 /* Release */ = {
			isa = XCBuildConfiguration;
			buildSettings = {
				ASSETCATALOG_COMPILER_APPICON_NAME = AppIcon;
				CODE_SIGN_STYLE = Automatic;
				DEVELOPMENT_TEAM = "";
				INFOPLIST_FILE = G2G/Info.plist;
				LD_RUNPATH_SEARCH_PATHS = (
					"$(inherited)",
					"@executable_path/Frameworks",
				);
				PRODUCT_BUNDLE_IDENTIFIER = com.david.G2G;
				PRODUCT_NAME = "$(TARGET_NAME)";
				SWIFT_VERSION = 5.0;
				TARGETED_DEVICE_FAMILY = "1,2";
			};
			name = Release;
		};
		41064D77233688EE00882496 /* Debug */ = {
			isa = XCBuildConfiguration;
			buildSettings = {
				ALWAYS_EMBED_SWIFT_STANDARD_LIBRARIES = YES;
				BUNDLE_LOADER = "$(TEST_HOST)";
				CODE_SIGN_STYLE = Automatic;
				DEVELOPMENT_TEAM = UDBZMJX5GY;
				INFOPLIST_FILE = G2GTests/Info.plist;
				LD_RUNPATH_SEARCH_PATHS = (
					"$(inherited)",
					"@executable_path/Frameworks",
					"@loader_path/Frameworks",
				);
				PRODUCT_BUNDLE_IDENTIFIER = com.david.G2GTests;
				PRODUCT_NAME = "$(TARGET_NAME)";
				SWIFT_VERSION = 5.0;
				TARGETED_DEVICE_FAMILY = "1,2";
				TEST_HOST = "$(BUILT_PRODUCTS_DIR)/G2G.app/G2G";
			};
			name = Debug;
		};
		41064D78233688EE00882496 /* Release */ = {
			isa = XCBuildConfiguration;
			buildSettings = {
				ALWAYS_EMBED_SWIFT_STANDARD_LIBRARIES = YES;
				BUNDLE_LOADER = "$(TEST_HOST)";
				CODE_SIGN_STYLE = Automatic;
				DEVELOPMENT_TEAM = UDBZMJX5GY;
				INFOPLIST_FILE = G2GTests/Info.plist;
				LD_RUNPATH_SEARCH_PATHS = (
					"$(inherited)",
					"@executable_path/Frameworks",
					"@loader_path/Frameworks",
				);
				PRODUCT_BUNDLE_IDENTIFIER = com.david.G2GTests;
				PRODUCT_NAME = "$(TARGET_NAME)";
				SWIFT_VERSION = 5.0;
				TARGETED_DEVICE_FAMILY = "1,2";
				TEST_HOST = "$(BUILT_PRODUCTS_DIR)/G2G.app/G2G";
			};
			name = Release;
		};
		41064D7A233688EE00882496 /* Debug */ = {
			isa = XCBuildConfiguration;
			buildSettings = {
				ALWAYS_EMBED_SWIFT_STANDARD_LIBRARIES = YES;
				CODE_SIGN_STYLE = Automatic;
				DEVELOPMENT_TEAM = UDBZMJX5GY;
				INFOPLIST_FILE = G2GUITests/Info.plist;
				LD_RUNPATH_SEARCH_PATHS = (
					"$(inherited)",
					"@executable_path/Frameworks",
					"@loader_path/Frameworks",
				);
				PRODUCT_BUNDLE_IDENTIFIER = com.david.G2GUITests;
				PRODUCT_NAME = "$(TARGET_NAME)";
				SWIFT_VERSION = 5.0;
				TARGETED_DEVICE_FAMILY = "1,2";
				TEST_TARGET_NAME = G2G;
			};
			name = Debug;
		};
		41064D7B233688EE00882496 /* Release */ = {
			isa = XCBuildConfiguration;
			buildSettings = {
				ALWAYS_EMBED_SWIFT_STANDARD_LIBRARIES = YES;
				CODE_SIGN_STYLE = Automatic;
				DEVELOPMENT_TEAM = UDBZMJX5GY;
				INFOPLIST_FILE = G2GUITests/Info.plist;
				LD_RUNPATH_SEARCH_PATHS = (
					"$(inherited)",
					"@executable_path/Frameworks",
					"@loader_path/Frameworks",
				);
				PRODUCT_BUNDLE_IDENTIFIER = com.david.G2GUITests;
				PRODUCT_NAME = "$(TARGET_NAME)";
				SWIFT_VERSION = 5.0;
				TARGETED_DEVICE_FAMILY = "1,2";
				TEST_TARGET_NAME = G2G;
			};
			name = Release;
		};
/* End XCBuildConfiguration section */

/* Begin XCConfigurationList section */
		41064D44233688ED00882496 /* Build configuration list for PBXProject "G2G" */ = {
			isa = XCConfigurationList;
			buildConfigurations = (
				41064D71233688EE00882496 /* Debug */,
				41064D72233688EE00882496 /* Release */,
			);
			defaultConfigurationIsVisible = 0;
			defaultConfigurationName = Release;
		};
		41064D73233688EE00882496 /* Build configuration list for PBXNativeTarget "G2G" */ = {
			isa = XCConfigurationList;
			buildConfigurations = (
				41064D74233688EE00882496 /* Debug */,
				41064D75233688EE00882496 /* Release */,
			);
			defaultConfigurationIsVisible = 0;
			defaultConfigurationName = Release;
		};
		41064D76233688EE00882496 /* Build configuration list for PBXNativeTarget "G2GTests" */ = {
			isa = XCConfigurationList;
			buildConfigurations = (
				41064D77233688EE00882496 /* Debug */,
				41064D78233688EE00882496 /* Release */,
			);
			defaultConfigurationIsVisible = 0;
			defaultConfigurationName = Release;
		};
		41064D79233688EE00882496 /* Build configuration list for PBXNativeTarget "G2GUITests" */ = {
			isa = XCConfigurationList;
			buildConfigurations = (
				41064D7A233688EE00882496 /* Debug */,
				41064D7B233688EE00882496 /* Release */,
			);
			defaultConfigurationIsVisible = 0;
			defaultConfigurationName = Release;
		};
/* End XCConfigurationList section */
	};
	rootObject = 41064D41233688ED00882496 /* Project object */;
}
